
Microsoft Visual Studio Solution File, Format Version 12.00
# Visual Studio 14
VisualStudioVersion = 14.0.24720.0
MinimumVisualStudioVersion = 10.0.40219.1
Project("{FAE04EC0-301F-11D3-BF4B-00C04F79EFBC}") = "CardGame", "WindowsFormsApplication1\CardGame.csproj", "{ED5A4A49-7DE1-4FBF-B7A6-8DAAE9EBD468}"
EndProject
Global
	GlobalSection(SolutionConfigurationPlatforms) = preSolution
		Debug|Any CPU = Debug|Any CPU
		Release|Any CPU = Release|Any CPU
	EndGlobalSection
	GlobalSection(ProjectConfigurationPlatforms) = postSolution
		{ED5A4A49-7DE1-4FBF-B7A6-8DAAE9EBD468}.Debug|Any CPU.ActiveCfg = Debug|Any CPU
		{ED5A4A49-7DE1-4FBF-B7A6-8DAAE9EBD468}.Debug|Any CPU.Build.0 = Debug|Any CPU
		{ED5A4A49-7DE1-4FBF-B7A6-8DAAE9EBD468}.Release|Any CPU.ActiveCfg = Release|Any CPU
		{ED5A4A49-7DE1-4FBF-B7A6-8DAAE9EBD468}.Release|Any CPU.Build.0 = Release|Any CPU
	EndGlobalSection
	GlobalSection(SolutionProperties) = preSolution
		HideSolutionNode = FALSE
	EndGlobalSection
EndGlobal
